// !$*UTF8*$!
{
	archiveVersion = 1;
	classes = {
	};
	objectVersion = 77;
	objects = {

/* Begin PBXBuildFile section */
		BB7727342CF0CE8E00F64777 /* LoadingView.swift in Sources */ = {isa = PBXBuildFile; fileRef = BB7727332CF0CE8C00F64777 /* LoadingView.swift */; };
		BBA8B0F62CEF8C9000F3F506 /* SNKViewModel.swift in Sources */ = {isa = PBXBuildFile; fileRef = BBA8B0F52CEF8C8D00F3F506 /* SNKViewModel.swift */; };
		BBA8B0FD2CEFBCB500F3F506 /* CardSectionView.swift in Sources */ = {isa = PBXBuildFile; fileRef = BBA8B0FC2CEFBCB400F3F506 /* CardSectionView.swift */; };
		BBA8B0FF2CEFC12100F3F506 /* WebView.swift in Sources */ = {isa = PBXBuildFile; fileRef = BBA8B0FE2CEFC11F00F3F506 /* WebView.swift */; };
		BBAD920F2CF0927A0040FC01 /* Localizable.xcstrings in Resources */ = {isa = PBXBuildFile; fileRef = BBAD920E2CF0927A0040FC01 /* Localizable.xcstrings */; };
		BBAD92112CF095140040FC01 /* Localization.swift in Sources */ = {isa = PBXBuildFile; fileRef = BBAD92102CF095100040FC01 /* Localization.swift */; };
		BBAD92132CF09A420040FC01 /* MenuView.swift in Sources */ = {isa = PBXBuildFile; fileRef = BBAD92122CF09A400040FC01 /* MenuView.swift */; };
		BBCAF3EB2CEF27E00004AB37 /* WebRepository.swift in Sources */ = {isa = PBXBuildFile; fileRef = BBCAF3EA2CEF27DA0004AB37 /* WebRepository.swift */; };
		BBCAF3ED2CEF285A0004AB37 /* APICall.swift in Sources */ = {isa = PBXBuildFile; fileRef = BBCAF3EC2CEF28520004AB37 /* APICall.swift */; };
		BBCAF3EF2CEF2B0A0004AB37 /* NetworkingHelpers.swift in Sources */ = {isa = PBXBuildFile; fileRef = BBCAF3EE2CEF2B060004AB37 /* NetworkingHelpers.swift */; };
		BBCAF3F12CEF2DDC0004AB37 /* SNKRepository.swift in Sources */ = {isa = PBXBuildFile; fileRef = BBCAF3F02CEF2DD90004AB37 /* SNKRepository.swift */; };
		BBCAF3F42CEF3A090004AB37 /* EpisodesUseCase.swift in Sources */ = {isa = PBXBuildFile; fileRef = BBCAF3F32CEF3A040004AB37 /* EpisodesUseCase.swift */; };
		BBCAF3F62CEF3A780004AB37 /* CharactersUseCase.swift in Sources */ = {isa = PBXBuildFile; fileRef = BBCAF3F52CEF3A740004AB37 /* CharactersUseCase.swift */; };
		BBE6A9612CEE72680006E7CC /* HomeView.swift in Sources */ = {isa = PBXBuildFile; fileRef = BBE6A95E2CEE72680006E7CC /* HomeView.swift */; };
		BBE6A9622CEE72680006E7CC /* SNKApp.swift in Sources */ = {isa = PBXBuildFile; fileRef = BBE6A95F2CEE72680006E7CC /* SNKApp.swift */; };
		BBE6A9632CEE72680006E7CC /* Preview Assets.xcassets in Resources */ = {isa = PBXBuildFile; fileRef = BBE6A95B2CEE72680006E7CC /* Preview Assets.xcassets */; };
		BBE6A9642CEE72680006E7CC /* Assets.xcassets in Resources */ = {isa = PBXBuildFile; fileRef = BBE6A95D2CEE72680006E7CC /* Assets.xcassets */; };
		BBE6A96B2CEE72E10006E7CC /* SnkDM.xcdatamodeld in Sources */ = {isa = PBXBuildFile; fileRef = BBE6A9692CEE72E10006E7CC /* SnkDM.xcdatamodeld */; };
		BBE6A9972CEE77EB0006E7CC /* Characters+CoreDataClass.swift in Sources */ = {isa = PBXBuildFile; fileRef = BBE6A9892CEE77EB0006E7CC /* Characters+CoreDataClass.swift */; };
		BBE6A9982CEE77EB0006E7CC /* Characters+CoreDataProperties.swift in Sources */ = {isa = PBXBuildFile; fileRef = BBE6A98A2CEE77EB0006E7CC /* Characters+CoreDataProperties.swift */; };
		BBE6A9992CEE77EB0006E7CC /* Episodes+CoreDataClass.swift in Sources */ = {isa = PBXBuildFile; fileRef = BBE6A98B2CEE77EB0006E7CC /* Episodes+CoreDataClass.swift */; };
		BBE6A99A2CEE77EB0006E7CC /* Episodes+CoreDataProperties.swift in Sources */ = {isa = PBXBuildFile; fileRef = BBE6A98C2CEE77EB0006E7CC /* Episodes+CoreDataProperties.swift */; };
		BBE6A99B2CEE77EB0006E7CC /* Groups+CoreDataClass.swift in Sources */ = {isa = PBXBuildFile; fileRef = BBE6A98D2CEE77EB0006E7CC /* Groups+CoreDataClass.swift */; };
		BBE6A99C2CEE77EB0006E7CC /* Groups+CoreDataProperties.swift in Sources */ = {isa = PBXBuildFile; fileRef = BBE6A98E2CEE77EB0006E7CC /* Groups+CoreDataProperties.swift */; };
		BBE6A99D2CEE77EB0006E7CC /* Information+CoreDataClass.swift in Sources */ = {isa = PBXBuildFile; fileRef = BBE6A98F2CEE77EB0006E7CC /* Information+CoreDataClass.swift */; };
		BBE6A99E2CEE77EB0006E7CC /* Information+CoreDataProperties.swift in Sources */ = {isa = PBXBuildFile; fileRef = BBE6A9902CEE77EB0006E7CC /* Information+CoreDataProperties.swift */; };
		BBE6A99F2CEE77EB0006E7CC /* Relatives+CoreDataClass.swift in Sources */ = {isa = PBXBuildFile; fileRef = BBE6A9912CEE77EB0006E7CC /* Relatives+CoreDataClass.swift */; };
		BBE6A9A02CEE77EB0006E7CC /* Relatives+CoreDataProperties.swift in Sources */ = {isa = PBXBuildFile; fileRef = BBE6A9922CEE77EB0006E7CC /* Relatives+CoreDataProperties.swift */; };
		BBE6A9A32CEE77EB0006E7CC /* RootEpisodes+CoreDataClass.swift in Sources */ = {isa = PBXBuildFile; fileRef = BBE6A9952CEE77EB0006E7CC /* RootEpisodes+CoreDataClass.swift */; };
		BBE6A9A42CEE77EB0006E7CC /* RootEpisodes+CoreDataProperties.swift in Sources */ = {isa = PBXBuildFile; fileRef = BBE6A9962CEE77EB0006E7CC /* RootEpisodes+CoreDataProperties.swift */; };
		BBE6A9A72CEE786E0006E7CC /* Episodes+Transformer.swift in Sources */ = {isa = PBXBuildFile; fileRef = BBE6A9A62CEE78680006E7CC /* Episodes+Transformer.swift */; };
		BBE6A9A92CEE789F0006E7CC /* Groups+Transfomer.swift in Sources */ = {isa = PBXBuildFile; fileRef = BBE6A9A82CEE78980006E7CC /* Groups+Transfomer.swift */; };
		BBE6A9AB2CEE78BB0006E7CC /* Relatives+Transformer.swift in Sources */ = {isa = PBXBuildFile; fileRef = BBE6A9AA2CEE78B30006E7CC /* Relatives+Transformer.swift */; };
		BBE6A9AD2CEE78DB0006E7CC /* Characters+Transformer.swift in Sources */ = {isa = PBXBuildFile; fileRef = BBE6A9AC2CEE78D10006E7CC /* Characters+Transformer.swift */; };
		BBE6A9AF2CEE78F60006E7CC /* Information+Transformer.swift in Sources */ = {isa = PBXBuildFile; fileRef = BBE6A9AE2CEE78F10006E7CC /* Information+Transformer.swift */; };
		BBE6A9B32CEE79280006E7CC /* CoreDataProvider.swift in Sources */ = {isa = PBXBuildFile; fileRef = BBE6A9B22CEE79240006E7CC /* CoreDataProvider.swift */; };
		BBE6A9B62CEE7A1B0006E7CC /* Errors.swift in Sources */ = {isa = PBXBuildFile; fileRef = BBE6A9B52CEE7A1A0006E7CC /* Errors.swift */; };
		BBE6A9B82CEE7A560006E7CC /* Helpers.swift in Sources */ = {isa = PBXBuildFile; fileRef = BBE6A9B72CEE7A540006E7CC /* Helpers.swift */; };
		BBE6A9BB2CEE7AB00006E7CC /* Root+CoreDataClass.swift in Sources */ = {isa = PBXBuildFile; fileRef = BBE6A9B92CEE7AB00006E7CC /* Root+CoreDataClass.swift */; };
		BBE6A9BC2CEE7AB00006E7CC /* Root+CoreDataProperties.swift in Sources */ = {isa = PBXBuildFile; fileRef = BBE6A9BA2CEE7AB00006E7CC /* Root+CoreDataProperties.swift */; };
		BBEB11422CF1CEF00048A65B /* CharactersListView.swift in Sources */ = {isa = PBXBuildFile; fileRef = BBEB11412CF1CEEC0048A65B /* CharactersListView.swift */; };
		BBEB11452CF1D1910048A65B /* ImageView.swift in Sources */ = {isa = PBXBuildFile; fileRef = BBEB11442CF1D1910048A65B /* ImageView.swift */; };
/* End PBXBuildFile section */

/* Begin PBXFileReference section */
		BB7727332CF0CE8C00F64777 /* LoadingView.swift */ = {isa = PBXFileReference; lastKnownFileType = sourcecode.swift; path = LoadingView.swift; sourceTree = "<group>"; };
		BBA53FAE2CEE5C26005172E9 /* SNK.app */ = {isa = PBXFileReference; explicitFileType = wrapper.application; includeInIndex = 0; path = SNK.app; sourceTree = BUILT_PRODUCTS_DIR; };
		BBA8B0F52CEF8C8D00F3F506 /* SNKViewModel.swift */ = {isa = PBXFileReference; lastKnownFileType = sourcecode.swift; path = SNKViewModel.swift; sourceTree = "<group>"; };
		BBA8B0FC2CEFBCB400F3F506 /* CardSectionView.swift */ = {isa = PBXFileReference; lastKnownFileType = sourcecode.swift; path = CardSectionView.swift; sourceTree = "<group>"; };
		BBA8B0FE2CEFC11F00F3F506 /* WebView.swift */ = {isa = PBXFileReference; lastKnownFileType = sourcecode.swift; path = WebView.swift; sourceTree = "<group>"; };
		BBAD920E2CF0927A0040FC01 /* Localizable.xcstrings */ = {isa = PBXFileReference; lastKnownFileType = text.json.xcstrings; path = Localizable.xcstrings; sourceTree = "<group>"; };
		BBAD92102CF095100040FC01 /* Localization.swift */ = {isa = PBXFileReference; lastKnownFileType = sourcecode.swift; path = Localization.swift; sourceTree = "<group>"; };
		BBAD92122CF09A400040FC01 /* MenuView.swift */ = {isa = PBXFileReference; lastKnownFileType = sourcecode.swift; path = MenuView.swift; sourceTree = "<group>"; };
		BBCAF3EA2CEF27DA0004AB37 /* WebRepository.swift */ = {isa = PBXFileReference; lastKnownFileType = sourcecode.swift; path = WebRepository.swift; sourceTree = "<group>"; };
		BBCAF3EC2CEF28520004AB37 /* APICall.swift */ = {isa = PBXFileReference; lastKnownFileType = sourcecode.swift; path = APICall.swift; sourceTree = "<group>"; };
		BBCAF3EE2CEF2B060004AB37 /* NetworkingHelpers.swift */ = {isa = PBXFileReference; lastKnownFileType = sourcecode.swift; path = NetworkingHelpers.swift; sourceTree = "<group>"; };
		BBCAF3F02CEF2DD90004AB37 /* SNKRepository.swift */ = {isa = PBXFileReference; lastKnownFileType = sourcecode.swift; path = SNKRepository.swift; sourceTree = "<group>"; };
		BBCAF3F32CEF3A040004AB37 /* EpisodesUseCase.swift */ = {isa = PBXFileReference; lastKnownFileType = sourcecode.swift; path = EpisodesUseCase.swift; sourceTree = "<group>"; };
		BBCAF3F52CEF3A740004AB37 /* CharactersUseCase.swift */ = {isa = PBXFileReference; lastKnownFileType = sourcecode.swift; path = CharactersUseCase.swift; sourceTree = "<group>"; };
		BBE6A95B2CEE72680006E7CC /* Preview Assets.xcassets */ = {isa = PBXFileReference; lastKnownFileType = folder.assetcatalog; path = "Preview Assets.xcassets"; sourceTree = "<group>"; };
		BBE6A95D2CEE72680006E7CC /* Assets.xcassets */ = {isa = PBXFileReference; lastKnownFileType = folder.assetcatalog; path = Assets.xcassets; sourceTree = "<group>"; };
		BBE6A95E2CEE72680006E7CC /* HomeView.swift */ = {isa = PBXFileReference; lastKnownFileType = sourcecode.swift; path = HomeView.swift; sourceTree = "<group>"; };
		BBE6A95F2CEE72680006E7CC /* SNKApp.swift */ = {isa = PBXFileReference; lastKnownFileType = sourcecode.swift; path = SNKApp.swift; sourceTree = "<group>"; };
		BBE6A96A2CEE72E10006E7CC /* SnkDM.xcdatamodel */ = {isa = PBXFileReference; lastKnownFileType = wrapper.xcdatamodel; path = SnkDM.xcdatamodel; sourceTree = "<group>"; };
		BBE6A9892CEE77EB0006E7CC /* Characters+CoreDataClass.swift */ = {isa = PBXFileReference; lastKnownFileType = sourcecode.swift; path = "Characters+CoreDataClass.swift"; sourceTree = "<group>"; };
		BBE6A98A2CEE77EB0006E7CC /* Characters+CoreDataProperties.swift */ = {isa = PBXFileReference; lastKnownFileType = sourcecode.swift; path = "Characters+CoreDataProperties.swift"; sourceTree = "<group>"; };
		BBE6A98B2CEE77EB0006E7CC /* Episodes+CoreDataClass.swift */ = {isa = PBXFileReference; lastKnownFileType = sourcecode.swift; path = "Episodes+CoreDataClass.swift"; sourceTree = "<group>"; };
		BBE6A98C2CEE77EB0006E7CC /* Episodes+CoreDataProperties.swift */ = {isa = PBXFileReference; lastKnownFileType = sourcecode.swift; path = "Episodes+CoreDataProperties.swift"; sourceTree = "<group>"; };
		BBE6A98D2CEE77EB0006E7CC /* Groups+CoreDataClass.swift */ = {isa = PBXFileReference; lastKnownFileType = sourcecode.swift; path = "Groups+CoreDataClass.swift"; sourceTree = "<group>"; };
		BBE6A98E2CEE77EB0006E7CC /* Groups+CoreDataProperties.swift */ = {isa = PBXFileReference; lastKnownFileType = sourcecode.swift; path = "Groups+CoreDataProperties.swift"; sourceTree = "<group>"; };
		BBE6A98F2CEE77EB0006E7CC /* Information+CoreDataClass.swift */ = {isa = PBXFileReference; lastKnownFileType = sourcecode.swift; path = "Information+CoreDataClass.swift"; sourceTree = "<group>"; };
		BBE6A9902CEE77EB0006E7CC /* Information+CoreDataProperties.swift */ = {isa = PBXFileReference; lastKnownFileType = sourcecode.swift; path = "Information+CoreDataProperties.swift"; sourceTree = "<group>"; };
		BBE6A9912CEE77EB0006E7CC /* Relatives+CoreDataClass.swift */ = {isa = PBXFileReference; lastKnownFileType = sourcecode.swift; path = "Relatives+CoreDataClass.swift"; sourceTree = "<group>"; };
		BBE6A9922CEE77EB0006E7CC /* Relatives+CoreDataProperties.swift */ = {isa = PBXFileReference; lastKnownFileType = sourcecode.swift; path = "Relatives+CoreDataProperties.swift"; sourceTree = "<group>"; };
		BBE6A9952CEE77EB0006E7CC /* RootEpisodes+CoreDataClass.swift */ = {isa = PBXFileReference; lastKnownFileType = sourcecode.swift; path = "RootEpisodes+CoreDataClass.swift"; sourceTree = "<group>"; };
		BBE6A9962CEE77EB0006E7CC /* RootEpisodes+CoreDataProperties.swift */ = {isa = PBXFileReference; lastKnownFileType = sourcecode.swift; path = "RootEpisodes+CoreDataProperties.swift"; sourceTree = "<group>"; };
		BBE6A9A62CEE78680006E7CC /* Episodes+Transformer.swift */ = {isa = PBXFileReference; lastKnownFileType = sourcecode.swift; path = "Episodes+Transformer.swift"; sourceTree = "<group>"; };
		BBE6A9A82CEE78980006E7CC /* Groups+Transfomer.swift */ = {isa = PBXFileReference; lastKnownFileType = sourcecode.swift; path = "Groups+Transfomer.swift"; sourceTree = "<group>"; };
		BBE6A9AA2CEE78B30006E7CC /* Relatives+Transformer.swift */ = {isa = PBXFileReference; lastKnownFileType = sourcecode.swift; path = "Relatives+Transformer.swift"; sourceTree = "<group>"; };
		BBE6A9AC2CEE78D10006E7CC /* Characters+Transformer.swift */ = {isa = PBXFileReference; lastKnownFileType = sourcecode.swift; path = "Characters+Transformer.swift"; sourceTree = "<group>"; };
		BBE6A9AE2CEE78F10006E7CC /* Information+Transformer.swift */ = {isa = PBXFileReference; lastKnownFileType = sourcecode.swift; path = "Information+Transformer.swift"; sourceTree = "<group>"; };
		BBE6A9B22CEE79240006E7CC /* CoreDataProvider.swift */ = {isa = PBXFileReference; lastKnownFileType = sourcecode.swift; path = CoreDataProvider.swift; sourceTree = "<group>"; };
		BBE6A9B52CEE7A1A0006E7CC /* Errors.swift */ = {isa = PBXFileReference; lastKnownFileType = sourcecode.swift; path = Errors.swift; sourceTree = "<group>"; };
		BBE6A9B72CEE7A540006E7CC /* Helpers.swift */ = {isa = PBXFileReference; lastKnownFileType = sourcecode.swift; path = Helpers.swift; sourceTree = "<group>"; };
		BBE6A9B92CEE7AB00006E7CC /* Root+CoreDataClass.swift */ = {isa = PBXFileReference; lastKnownFileType = sourcecode.swift; path = "Root+CoreDataClass.swift"; sourceTree = "<group>"; };
		BBE6A9BA2CEE7AB00006E7CC /* Root+CoreDataProperties.swift */ = {isa = PBXFileReference; lastKnownFileType = sourcecode.swift; path = "Root+CoreDataProperties.swift"; sourceTree = "<group>"; };
		BBEB11412CF1CEEC0048A65B /* CharactersListView.swift */ = {isa = PBXFileReference; lastKnownFileType = sourcecode.swift; path = CharactersListView.swift; sourceTree = "<group>"; };
		BBEB11442CF1D1910048A65B /* ImageView.swift */ = {isa = PBXFileReference; lastKnownFileType = sourcecode.swift; path = ImageView.swift; sourceTree = "<group>"; };
/* End PBXFileReference section */

/* Begin PBXFrameworksBuildPhase section */
		BBA53FAB2CEE5C26005172E9 /* Frameworks */ = {
			isa = PBXFrameworksBuildPhase;
			buildActionMask = 2147483647;
			files = (
			);
			runOnlyForDeploymentPostprocessing = 0;
		};
/* End PBXFrameworksBuildPhase section */

/* Begin PBXGroup section */
		BBA53FA52CEE5C26005172E9 = {
			isa = PBXGroup;
			children = (
				BBE6A9602CEE72680006E7CC /* SNK */,
				BBA53FAF2CEE5C26005172E9 /* Products */,
			);
			sourceTree = "<group>";
		};
		BBA53FAF2CEE5C26005172E9 /* Products */ = {
			isa = PBXGroup;
			children = (
				BBA53FAE2CEE5C26005172E9 /* SNK.app */,
			);
			name = Products;
			sourceTree = "<group>";
		};
		BBA8B0F42CEF8C7C00F3F506 /* ViewModel */ = {
			isa = PBXGroup;
			children = (
				BBA8B0F52CEF8C8D00F3F506 /* SNKViewModel.swift */,
			);
			path = ViewModel;
			sourceTree = "<group>";
		};
		BBA8B0F72CEFB2EF00F3F506 /* View */ = {
			isa = PBXGroup;
			children = (
				BBA8B0FB2CEFB64600F3F506 /* Screens */,
				BBA8B0F82CEFB2FC00F3F506 /* Components */,
			);
			path = View;
			sourceTree = "<group>";
		};
		BBA8B0F82CEFB2FC00F3F506 /* Components */ = {
			isa = PBXGroup;
			children = (
				BBEB11442CF1D1910048A65B /* ImageView.swift */,
				BB7727332CF0CE8C00F64777 /* LoadingView.swift */,
				BBAD92122CF09A400040FC01 /* MenuView.swift */,
				BBA8B0FE2CEFC11F00F3F506 /* WebView.swift */,
				BBA8B0FC2CEFBCB400F3F506 /* CardSectionView.swift */,
			);
			path = Components;
			sourceTree = "<group>";
		};
		BBA8B0FB2CEFB64600F3F506 /* Screens */ = {
			isa = PBXGroup;
			children = (
				BBEB11402CF1CEE20048A65B /* CharactersScreens */,
				BBE6A95E2CEE72680006E7CC /* HomeView.swift */,
			);
			path = Screens;
			sourceTree = "<group>";
		};
		BBAD920D2CF091930040FC01 /* Resources */ = {
			isa = PBXGroup;
			children = (
				BBAD92102CF095100040FC01 /* Localization.swift */,
				BBAD920E2CF0927A0040FC01 /* Localizable.xcstrings */,
			);
			path = Resources;
			sourceTree = "<group>";
		};
		BBCAF3E92CEF27C80004AB37 /* Repositories */ = {
			isa = PBXGroup;
			children = (
				BBCAF3F02CEF2DD90004AB37 /* SNKRepository.swift */,
				BBCAF3EA2CEF27DA0004AB37 /* WebRepository.swift */,
			);
			path = Repositories;
			sourceTree = "<group>";
		};
		BBCAF3F22CEF39F30004AB37 /* UseCases */ = {
			isa = PBXGroup;
			children = (
				BBCAF3F52CEF3A740004AB37 /* CharactersUseCase.swift */,
				BBCAF3F32CEF3A040004AB37 /* EpisodesUseCase.swift */,
			);
			path = UseCases;
			sourceTree = "<group>";
		};
		BBE6A95C2CEE72680006E7CC /* Preview Content */ = {
			isa = PBXGroup;
			children = (
				BBE6A95B2CEE72680006E7CC /* Preview Assets.xcassets */,
			);
			path = "Preview Content";
			sourceTree = "<group>";
		};
		BBE6A9602CEE72680006E7CC /* SNK */ = {
			isa = PBXGroup;
			children = (
				BBE6A9652CEE726F0006E7CC /* CoreData */,
				BBCAF3E92CEF27C80004AB37 /* Repositories */,
				BBAD920D2CF091930040FC01 /* Resources */,
				BBCAF3F22CEF39F30004AB37 /* UseCases */,
				BBE6A9B42CEE7A130006E7CC /* Utils */,
				BBE6A95C2CEE72680006E7CC /* Preview Content */,
				BBA8B0F72CEFB2EF00F3F506 /* View */,
				BBA8B0F42CEF8C7C00F3F506 /* ViewModel */,
				BBE6A95D2CEE72680006E7CC /* Assets.xcassets */,
				BBE6A95F2CEE72680006E7CC /* SNKApp.swift */,
			);
			path = SNK;
			sourceTree = "<group>";
		};
		BBE6A9652CEE726F0006E7CC /* CoreData */ = {
			isa = PBXGroup;
			children = (
				BBE6A9B12CEE79190006E7CC /* Providers */,
				BBE6A9A52CEE78590006E7CC /* Transformers */,
				BBE6A96C2CEE77810006E7CC /* CoreDataModels */,
				BBE6A9692CEE72E10006E7CC /* SnkDM.xcdatamodeld */,
			);
			path = CoreData;
			sourceTree = "<group>";
		};
		BBE6A96C2CEE77810006E7CC /* CoreDataModels */ = {
			isa = PBXGroup;
			children = (
				BBE6A9892CEE77EB0006E7CC /* Characters+CoreDataClass.swift */,
				BBE6A98A2CEE77EB0006E7CC /* Characters+CoreDataProperties.swift */,
				BBE6A98B2CEE77EB0006E7CC /* Episodes+CoreDataClass.swift */,
				BBE6A98C2CEE77EB0006E7CC /* Episodes+CoreDataProperties.swift */,
				BBE6A98D2CEE77EB0006E7CC /* Groups+CoreDataClass.swift */,
				BBE6A98E2CEE77EB0006E7CC /* Groups+CoreDataProperties.swift */,
				BBE6A98F2CEE77EB0006E7CC /* Information+CoreDataClass.swift */,
				BBE6A9902CEE77EB0006E7CC /* Information+CoreDataProperties.swift */,
				BBE6A9912CEE77EB0006E7CC /* Relatives+CoreDataClass.swift */,
				BBE6A9922CEE77EB0006E7CC /* Relatives+CoreDataProperties.swift */,
				BBE6A9B92CEE7AB00006E7CC /* Root+CoreDataClass.swift */,
				BBE6A9BA2CEE7AB00006E7CC /* Root+CoreDataProperties.swift */,
				BBE6A9952CEE77EB0006E7CC /* RootEpisodes+CoreDataClass.swift */,
				BBE6A9962CEE77EB0006E7CC /* RootEpisodes+CoreDataProperties.swift */,
			);
			path = CoreDataModels;
			sourceTree = "<group>";
		};
		BBE6A9A52CEE78590006E7CC /* Transformers */ = {
			isa = PBXGroup;
			children = (
				BBE6A9AC2CEE78D10006E7CC /* Characters+Transformer.swift */,
				BBE6A9A62CEE78680006E7CC /* Episodes+Transformer.swift */,
				BBE6A9A82CEE78980006E7CC /* Groups+Transfomer.swift */,
				BBE6A9AE2CEE78F10006E7CC /* Information+Transformer.swift */,
				BBE6A9AA2CEE78B30006E7CC /* Relatives+Transformer.swift */,
			);
			path = Transformers;
			sourceTree = "<group>";
		};
		BBE6A9B12CEE79190006E7CC /* Providers */ = {
			isa = PBXGroup;
			children = (
				BBE6A9B22CEE79240006E7CC /* CoreDataProvider.swift */,
			);
			path = Providers;
			sourceTree = "<group>";
		};
		BBE6A9B42CEE7A130006E7CC /* Utils */ = {
			isa = PBXGroup;
			children = (
				BBCAF3EE2CEF2B060004AB37 /* NetworkingHelpers.swift */,
				BBCAF3EC2CEF28520004AB37 /* APICall.swift */,
				BBE6A9B72CEE7A540006E7CC /* Helpers.swift */,
				BBE6A9B52CEE7A1A0006E7CC /* Errors.swift */,
			);
			path = Utils;
			sourceTree = "<group>";
		};
		BBEB11402CF1CEE20048A65B /* CharactersScreens */ = {
			isa = PBXGroup;
			children = (
				BBEB11412CF1CEEC0048A65B /* CharactersListView.swift */,
			);
			path = CharactersScreens;
			sourceTree = "<group>";
		};
/* End PBXGroup section */

/* Begin PBXNativeTarget section */
		BBA53FAD2CEE5C26005172E9 /* SNK */ = {
			isa = PBXNativeTarget;
			buildConfigurationList = BBA53FBC2CEE5C28005172E9 /* Build configuration list for PBXNativeTarget "SNK" */;
			buildPhases = (
				BBA53FAA2CEE5C26005172E9 /* Sources */,
				BBA53FAB2CEE5C26005172E9 /* Frameworks */,
				BBA53FAC2CEE5C26005172E9 /* Resources */,
			);
			buildRules = (
			);
			dependencies = (
			);
			name = SNK;
			packageProductDependencies = (
			);
			productName = SNK;
			productReference = BBA53FAE2CEE5C26005172E9 /* SNK.app */;
			productType = "com.apple.product-type.application";
		};
/* End PBXNativeTarget section */

/* Begin PBXProject section */
		BBA53FA62CEE5C26005172E9 /* Project object */ = {
			isa = PBXProject;
			attributes = {
				BuildIndependentTargetsInParallel = 1;
				LastSwiftUpdateCheck = 1600;
				LastUpgradeCheck = 1600;
				TargetAttributes = {
					BBA53FAD2CEE5C26005172E9 = {
						CreatedOnToolsVersion = 16.0;
					};
				};
			};
			buildConfigurationList = BBA53FA92CEE5C26005172E9 /* Build configuration list for PBXProject "SNK" */;
			developmentRegion = en;
			hasScannedForEncodings = 0;
			knownRegions = (
				en,
				Base,
				es,
			);
			mainGroup = BBA53FA52CEE5C26005172E9;
			minimizedProjectReferenceProxies = 1;
			preferredProjectObjectVersion = 77;
			productRefGroup = BBA53FAF2CEE5C26005172E9 /* Products */;
			projectDirPath = "";
			projectRoot = "";
			targets = (
				BBA53FAD2CEE5C26005172E9 /* SNK */,
			);
		};
/* End PBXProject section */

/* Begin PBXResourcesBuildPhase section */
		BBA53FAC2CEE5C26005172E9 /* Resources */ = {
			isa = PBXResourcesBuildPhase;
			buildActionMask = 2147483647;
			files = (
				BBE6A9632CEE72680006E7CC /* Preview Assets.xcassets in Resources */,
				BBE6A9642CEE72680006E7CC /* Assets.xcassets in Resources */,
				BBAD920F2CF0927A0040FC01 /* Localizable.xcstrings in Resources */,
			);
			runOnlyForDeploymentPostprocessing = 0;
		};
/* End PBXResourcesBuildPhase section */

/* Begin PBXSourcesBuildPhase section */
		BBA53FAA2CEE5C26005172E9 /* Sources */ = {
			isa = PBXSourcesBuildPhase;
			buildActionMask = 2147483647;
			files = (
				BBE6A96B2CEE72E10006E7CC /* SnkDM.xcdatamodeld in Sources */,
				BBCAF3F62CEF3A780004AB37 /* CharactersUseCase.swift in Sources */,
				BBCAF3F42CEF3A090004AB37 /* EpisodesUseCase.swift in Sources */,
				BBE6A9A92CEE789F0006E7CC /* Groups+Transfomer.swift in Sources */,
				BBE6A9972CEE77EB0006E7CC /* Characters+CoreDataClass.swift in Sources */,
				BB7727342CF0CE8E00F64777 /* LoadingView.swift in Sources */,
				BBA8B0F62CEF8C9000F3F506 /* SNKViewModel.swift in Sources */,
				BBE6A9982CEE77EB0006E7CC /* Characters+CoreDataProperties.swift in Sources */,
				BBE6A9B62CEE7A1B0006E7CC /* Errors.swift in Sources */,
				BBE6A9A72CEE786E0006E7CC /* Episodes+Transformer.swift in Sources */,
				BBCAF3EB2CEF27E00004AB37 /* WebRepository.swift in Sources */,
				BBE6A9992CEE77EB0006E7CC /* Episodes+CoreDataClass.swift in Sources */,
				BBA8B0FF2CEFC12100F3F506 /* WebView.swift in Sources */,
				BBE6A99A2CEE77EB0006E7CC /* Episodes+CoreDataProperties.swift in Sources */,
				BBAD92132CF09A420040FC01 /* MenuView.swift in Sources */,
				BBE6A9AB2CEE78BB0006E7CC /* Relatives+Transformer.swift in Sources */,
				BBE6A99B2CEE77EB0006E7CC /* Groups+CoreDataClass.swift in Sources */,
				BBE6A9AD2CEE78DB0006E7CC /* Characters+Transformer.swift in Sources */,
				BBAD92112CF095140040FC01 /* Localization.swift in Sources */,
				BBE6A99C2CEE77EB0006E7CC /* Groups+CoreDataProperties.swift in Sources */,
				BBEB11422CF1CEF00048A65B /* CharactersListView.swift in Sources */,
				BBE6A99D2CEE77EB0006E7CC /* Information+CoreDataClass.swift in Sources */,
				BBE6A9B82CEE7A560006E7CC /* Helpers.swift in Sources */,
				BBA8B0FD2CEFBCB500F3F506 /* CardSectionView.swift in Sources */,
				BBE6A99E2CEE77EB0006E7CC /* Information+CoreDataProperties.swift in Sources */,
				BBE6A9B32CEE79280006E7CC /* CoreDataProvider.swift in Sources */,
				BBE6A99F2CEE77EB0006E7CC /* Relatives+CoreDataClass.swift in Sources */,
				BBE6A9AF2CEE78F60006E7CC /* Information+Transformer.swift in Sources */,
				BBE6A9BB2CEE7AB00006E7CC /* Root+CoreDataClass.swift in Sources */,
				BBE6A9BC2CEE7AB00006E7CC /* Root+CoreDataProperties.swift in Sources */,
				BBEB11452CF1D1910048A65B /* ImageView.swift in Sources */,
				BBCAF3EF2CEF2B0A0004AB37 /* NetworkingHelpers.swift in Sources */,
				BBE6A9A02CEE77EB0006E7CC /* Relatives+CoreDataProperties.swift in Sources */,
				BBCAF3F12CEF2DDC0004AB37 /* SNKRepository.swift in Sources */,
				BBE6A9A32CEE77EB0006E7CC /* RootEpisodes+CoreDataClass.swift in Sources */,
				BBE6A9A42CEE77EB0006E7CC /* RootEpisodes+CoreDataProperties.swift in Sources */,
				BBE6A9612CEE72680006E7CC /* HomeView.swift in Sources */,
				BBE6A9622CEE72680006E7CC /* SNKApp.swift in Sources */,
				BBCAF3ED2CEF285A0004AB37 /* APICall.swift in Sources */,
			);
			runOnlyForDeploymentPostprocessing = 0;
		};
/* End PBXSourcesBuildPhase section */

/* Begin XCBuildConfiguration section */
		BBA53FBA2CEE5C28005172E9 /* Debug */ = {
			isa = XCBuildConfiguration;
			buildSettings = {
				ALWAYS_SEARCH_USER_PATHS = NO;
				ASSETCATALOG_COMPILER_GENERATE_SWIFT_ASSET_SYMBOL_EXTENSIONS = YES;
				CLANG_ANALYZER_NONNULL = YES;
				CLANG_ANALYZER_NUMBER_OBJECT_CONVERSION = YES_AGGRESSIVE;
				CLANG_CXX_LANGUAGE_STANDARD = "gnu++20";
				CLANG_ENABLE_MODULES = YES;
				CLANG_ENABLE_OBJC_ARC = YES;
				CLANG_ENABLE_OBJC_WEAK = YES;
				CLANG_WARN_BLOCK_CAPTURE_AUTORELEASING = YES;
				CLANG_WARN_BOOL_CONVERSION = YES;
				CLANG_WARN_COMMA = YES;
				CLANG_WARN_CONSTANT_CONVERSION = YES;
				CLANG_WARN_DEPRECATED_OBJC_IMPLEMENTATIONS = YES;
				CLANG_WARN_DIRECT_OBJC_ISA_USAGE = YES_ERROR;
				CLANG_WARN_DOCUMENTATION_COMMENTS = YES;
				CLANG_WARN_EMPTY_BODY = YES;
				CLANG_WARN_ENUM_CONVERSION = YES;
				CLANG_WARN_INFINITE_RECURSION = YES;
				CLANG_WARN_INT_CONVERSION = YES;
				CLANG_WARN_NON_LITERAL_NULL_CONVERSION = YES;
				CLANG_WARN_OBJC_IMPLICIT_RETAIN_SELF = YES;
				CLANG_WARN_OBJC_LITERAL_CONVERSION = YES;
				CLANG_WARN_OBJC_ROOT_CLASS = YES_ERROR;
				CLANG_WARN_QUOTED_INCLUDE_IN_FRAMEWORK_HEADER = YES;
				CLANG_WARN_RANGE_LOOP_ANALYSIS = YES;
				CLANG_WARN_STRICT_PROTOTYPES = YES;
				CLANG_WARN_SUSPICIOUS_MOVE = YES;
				CLANG_WARN_UNGUARDED_AVAILABILITY = YES_AGGRESSIVE;
				CLANG_WARN_UNREACHABLE_CODE = YES;
				CLANG_WARN__DUPLICATE_METHOD_MATCH = YES;
				COPY_PHASE_STRIP = NO;
				DEBUG_INFORMATION_FORMAT = dwarf;
				ENABLE_STRICT_OBJC_MSGSEND = YES;
				ENABLE_TESTABILITY = YES;
				ENABLE_USER_SCRIPT_SANDBOXING = YES;
				GCC_C_LANGUAGE_STANDARD = gnu17;
				GCC_DYNAMIC_NO_PIC = NO;
				GCC_NO_COMMON_BLOCKS = YES;
				GCC_OPTIMIZATION_LEVEL = 0;
				GCC_PREPROCESSOR_DEFINITIONS = (
					"DEBUG=1",
					"$(inherited)",
				);
				GCC_WARN_64_TO_32_BIT_CONVERSION = YES;
				GCC_WARN_ABOUT_RETURN_TYPE = YES_ERROR;
				GCC_WARN_UNDECLARED_SELECTOR = YES;
				GCC_WARN_UNINITIALIZED_AUTOS = YES_AGGRESSIVE;
				GCC_WARN_UNUSED_FUNCTION = YES;
				GCC_WARN_UNUSED_VARIABLE = YES;
				IPHONEOS_DEPLOYMENT_TARGET = 18.0;
				LOCALIZATION_PREFERS_STRING_CATALOGS = YES;
				MTL_ENABLE_DEBUG_INFO = INCLUDE_SOURCE;
				MTL_FAST_MATH = YES;
				ONLY_ACTIVE_ARCH = YES;
				SDKROOT = iphoneos;
				SWIFT_ACTIVE_COMPILATION_CONDITIONS = "DEBUG $(inherited)";
				SWIFT_EMIT_LOC_STRINGS = YES;
				SWIFT_OPTIMIZATION_LEVEL = "-Onone";
			};
			name = Debug;
		};
		BBA53FBB2CEE5C28005172E9 /* Release */ = {
			isa = XCBuildConfiguration;
			buildSettings = {
				ALWAYS_SEARCH_USER_PATHS = NO;
				ASSETCATALOG_COMPILER_GENERATE_SWIFT_ASSET_SYMBOL_EXTENSIONS = YES;
				CLANG_ANALYZER_NONNULL = YES;
				CLANG_ANALYZER_NUMBER_OBJECT_CONVERSION = YES_AGGRESSIVE;
				CLANG_CXX_LANGUAGE_STANDARD = "gnu++20";
				CLANG_ENABLE_MODULES = YES;
				CLANG_ENABLE_OBJC_ARC = YES;
				CLANG_ENABLE_OBJC_WEAK = YES;
				CLANG_WARN_BLOCK_CAPTURE_AUTORELEASING = YES;
				CLANG_WARN_BOOL_CONVERSION = YES;
				CLANG_WARN_COMMA = YES;
				CLANG_WARN_CONSTANT_CONVERSION = YES;
				CLANG_WARN_DEPRECATED_OBJC_IMPLEMENTATIONS = YES;
				CLANG_WARN_DIRECT_OBJC_ISA_USAGE = YES_ERROR;
				CLANG_WARN_DOCUMENTATION_COMMENTS = YES;
				CLANG_WARN_EMPTY_BODY = YES;
				CLANG_WARN_ENUM_CONVERSION = YES;
				CLANG_WARN_INFINITE_RECURSION = YES;
				CLANG_WARN_INT_CONVERSION = YES;
				CLANG_WARN_NON_LITERAL_NULL_CONVERSION = YES;
				CLANG_WARN_OBJC_IMPLICIT_RETAIN_SELF = YES;
				CLANG_WARN_OBJC_LITERAL_CONVERSION = YES;
				CLANG_WARN_OBJC_ROOT_CLASS = YES_ERROR;
				CLANG_WARN_QUOTED_INCLUDE_IN_FRAMEWORK_HEADER = YES;
				CLANG_WARN_RANGE_LOOP_ANALYSIS = YES;
				CLANG_WARN_STRICT_PROTOTYPES = YES;
				CLANG_WARN_SUSPICIOUS_MOVE = YES;
				CLANG_WARN_UNGUARDED_AVAILABILITY = YES_AGGRESSIVE;
				CLANG_WARN_UNREACHABLE_CODE = YES;
				CLANG_WARN__DUPLICATE_METHOD_MATCH = YES;
				COPY_PHASE_STRIP = NO;
				DEBUG_INFORMATION_FORMAT = "dwarf-with-dsym";
				ENABLE_NS_ASSERTIONS = NO;
				ENABLE_STRICT_OBJC_MSGSEND = YES;
				ENABLE_USER_SCRIPT_SANDBOXING = YES;
				GCC_C_LANGUAGE_STANDARD = gnu17;
				GCC_NO_COMMON_BLOCKS = YES;
				GCC_WARN_64_TO_32_BIT_CONVERSION = YES;
				GCC_WARN_ABOUT_RETURN_TYPE = YES_ERROR;
				GCC_WARN_UNDECLARED_SELECTOR = YES;
				GCC_WARN_UNINITIALIZED_AUTOS = YES_AGGRESSIVE;
				GCC_WARN_UNUSED_FUNCTION = YES;
				GCC_WARN_UNUSED_VARIABLE = YES;
				IPHONEOS_DEPLOYMENT_TARGET = 18.0;
				LOCALIZATION_PREFERS_STRING_CATALOGS = YES;
				MTL_ENABLE_DEBUG_INFO = NO;
				MTL_FAST_MATH = YES;
				SDKROOT = iphoneos;
				SWIFT_COMPILATION_MODE = wholemodule;
				SWIFT_EMIT_LOC_STRINGS = YES;
				VALIDATE_PRODUCT = YES;
			};
			name = Release;
		};
		BBA53FBD2CEE5C28005172E9 /* Debug */ = {
			isa = XCBuildConfiguration;
			buildSettings = {
				ASSETCATALOG_COMPILER_APPICON_NAME = AppIcon;
				ASSETCATALOG_COMPILER_GLOBAL_ACCENT_COLOR_NAME = AccentColor;
				CODE_SIGN_STYLE = Automatic;
				CURRENT_PROJECT_VERSION = 1;
				DEVELOPMENT_ASSET_PATHS = "\"SNK/Preview Content\"";
				DEVELOPMENT_TEAM = L8BW3D3BVS;
				ENABLE_PREVIEWS = YES;
				GENERATE_INFOPLIST_FILE = YES;
				INFOPLIST_KEY_UIApplicationSceneManifest_Generation = YES;
				INFOPLIST_KEY_UIApplicationSupportsIndirectInputEvents = YES;
				INFOPLIST_KEY_UILaunchScreen_Generation = YES;
				INFOPLIST_KEY_UISupportedInterfaceOrientations_iPad = "UIInterfaceOrientationPortrait UIInterfaceOrientationPortraitUpsideDown UIInterfaceOrientationLandscapeLeft UIInterfaceOrientationLandscapeRight";
				INFOPLIST_KEY_UISupportedInterfaceOrientations_iPhone = "UIInterfaceOrientationPortrait UIInterfaceOrientationLandscapeLeft UIInterfaceOrientationLandscapeRight";
				LD_RUNPATH_SEARCH_PATHS = (
					"$(inherited)",
					"@executable_path/Frameworks",
				);
				MARKETING_VERSION = 1.0;
				PRODUCT_BUNDLE_IDENTIFIER = com.davmayqui.SNK;
				PRODUCT_NAME = "$(TARGET_NAME)";
				SWIFT_EMIT_LOC_STRINGS = YES;
				SWIFT_VERSION = 5.0;
				TARGETED_DEVICE_FAMILY = "1,2";
			};
			name = Debug;
		};
		BBA53FBE2CEE5C28005172E9 /* Release */ = {
			isa = XCBuildConfiguration;
			buildSettings = {
				ASSETCATALOG_COMPILER_APPICON_NAME = AppIcon;
				ASSETCATALOG_COMPILER_GLOBAL_ACCENT_COLOR_NAME = AccentColor;
				CODE_SIGN_STYLE = Automatic;
				CURRENT_PROJECT_VERSION = 1;
				DEVELOPMENT_ASSET_PATHS = "\"SNK/Preview Content\"";
				DEVELOPMENT_TEAM = L8BW3D3BVS;
				ENABLE_PREVIEWS = YES;
				GENERATE_INFOPLIST_FILE = YES;
				INFOPLIST_KEY_UIApplicationSceneManifest_Generation = YES;
				INFOPLIST_KEY_UIApplicationSupportsIndirectInputEvents = YES;
				INFOPLIST_KEY_UILaunchScreen_Generation = YES;
				INFOPLIST_KEY_UISupportedInterfaceOrientations_iPad = "UIInterfaceOrientationPortrait UIInterfaceOrientationPortraitUpsideDown UIInterfaceOrientationLandscapeLeft UIInterfaceOrientationLandscapeRight";
				INFOPLIST_KEY_UISupportedInterfaceOrientations_iPhone = "UIInterfaceOrientationPortrait UIInterfaceOrientationLandscapeLeft UIInterfaceOrientationLandscapeRight";
				LD_RUNPATH_SEARCH_PATHS = (
					"$(inherited)",
					"@executable_path/Frameworks",
				);
				MARKETING_VERSION = 1.0;
				PRODUCT_BUNDLE_IDENTIFIER = com.davmayqui.SNK;
				PRODUCT_NAME = "$(TARGET_NAME)";
				SWIFT_EMIT_LOC_STRINGS = YES;
				SWIFT_VERSION = 5.0;
				TARGETED_DEVICE_FAMILY = "1,2";
			};
			name = Release;
		};
/* End XCBuildConfiguration section */

/* Begin XCConfigurationList section */
		BBA53FA92CEE5C26005172E9 /* Build configuration list for PBXProject "SNK" */ = {
			isa = XCConfigurationList;
			buildConfigurations = (
				BBA53FBA2CEE5C28005172E9 /* Debug */,
				BBA53FBB2CEE5C28005172E9 /* Release */,
			);
			defaultConfigurationIsVisible = 0;
			defaultConfigurationName = Release;
		};
		BBA53FBC2CEE5C28005172E9 /* Build configuration list for PBXNativeTarget "SNK" */ = {
			isa = XCConfigurationList;
			buildConfigurations = (
				BBA53FBD2CEE5C28005172E9 /* Debug */,
				BBA53FBE2CEE5C28005172E9 /* Release */,
			);
			defaultConfigurationIsVisible = 0;
			defaultConfigurationName = Release;
		};
/* End XCConfigurationList section */

/* Begin XCVersionGroup section */
		BBE6A9692CEE72E10006E7CC /* SnkDM.xcdatamodeld */ = {
			isa = XCVersionGroup;
			children = (
				BBE6A96A2CEE72E10006E7CC /* SnkDM.xcdatamodel */,
			);
			currentVersion = BBE6A96A2CEE72E10006E7CC /* SnkDM.xcdatamodel */;
			path = SnkDM.xcdatamodeld;
			sourceTree = "<group>";
			versionGroupType = wrapper.xcdatamodel;
		};
/* End XCVersionGroup section */
	};
	rootObject = BBA53FA62CEE5C26005172E9 /* Project object */;
}
